// !$*UTF8*$!
{
	archiveVersion = 1;
	classes = {
	};
	objectVersion = 46;
	objects = {

/* Begin PBXBuildFile section */
		D7CC35F81B46B218006EB035 /* main.m in Sources */ = {isa = PBXBuildFile; fileRef = D7CC35F71B46B218006EB035 /* main.m */; };
		D7CC36001B46B2D7006EB035 /* Employee.m in Sources */ = {isa = PBXBuildFile; fileRef = D7CC35FF1B46B2D7006EB035 /* Employee.m */; };
		D7CC36031B46B491006EB035 /* JuniorEmployee.m in Sources */ = {isa = PBXBuildFile; fileRef = D7CC36021B46B491006EB035 /* JuniorEmployee.m */; };
		D7CC36061B46B764006EB035 /* AdultEmployee.m in Sources */ = {isa = PBXBuildFile; fileRef = D7CC36051B46B764006EB035 /* AdultEmployee.m */; };
		D7CC36091B46BA5B006EB035 /* HourlyRate.m in Sources */ = {isa = PBXBuildFile; fileRef = D7CC36081B46BA5B006EB035 /* HourlyRate.m */; };
		D7CC360C1B46BB0C006EB035 /* JuniorHourlyRate.m in Sources */ = {isa = PBXBuildFile; fileRef = D7CC360B1B46BB0C006EB035 /* JuniorHourlyRate.m */; };
		D7CC360F1B46BB72006EB035 /* AdultHourlyRate.m in Sources */ = {isa = PBXBuildFile; fileRef = D7CC360E1B46BB72006EB035 /* AdultHourlyRate.m */; };
/* End PBXBuildFile section */

/* Begin PBXCopyFilesBuildPhase section */
		D7CC35F21B46B218006EB035 /* CopyFiles */ = {
			isa = PBXCopyFilesBuildPhase;
			buildActionMask = 2147483647;
			dstPath = /usr/share/man/man1/;
			dstSubfolderSpec = 0;
			files = (
			);
			runOnlyForDeploymentPostprocessing = 1;
		};
/* End PBXCopyFilesBuildPhase section */

/* Begin PBXFileReference section */
		D7CC35F41B46B218006EB035 /* weekly_wage_calculator */ = {isa = PBXFileReference; explicitFileType = "compiled.mach-o.executable"; includeInIndex = 0; path = weekly_wage_calculator; sourceTree = BUILT_PRODUCTS_DIR; };
		D7CC35F71B46B218006EB035 /* main.m */ = {isa = PBXFileReference; lastKnownFileType = sourcecode.c.objc; path = main.m; sourceTree = "<group>"; };
		D7CC35FE1B46B2D7006EB035 /* Employee.h */ = {isa = PBXFileReference; fileEncoding = 4; lastKnownFileType = sourcecode.c.h; path = Employee.h; sourceTree = "<group>"; };
		D7CC35FF1B46B2D7006EB035 /* Employee.m */ = {isa = PBXFileReference; fileEncoding = 4; lastKnownFileType = sourcecode.c.objc; path = Employee.m; sourceTree = "<group>"; };
		D7CC36011B46B491006EB035 /* JuniorEmployee.h */ = {isa = PBXFileReference; fileEncoding = 4; lastKnownFileType = sourcecode.c.h; path = JuniorEmployee.h; sourceTree = "<group>"; };
		D7CC36021B46B491006EB035 /* JuniorEmployee.m */ = {isa = PBXFileReference; fileEncoding = 4; lastKnownFileType = sourcecode.c.objc; path = JuniorEmployee.m; sourceTree = "<group>"; };
		D7CC36041B46B764006EB035 /* AdultEmployee.h */ = {isa = PBXFileReference; fileEncoding = 4; lastKnownFileType = sourcecode.c.h; path = AdultEmployee.h; sourceTree = "<group>"; };
		D7CC36051B46B764006EB035 /* AdultEmployee.m */ = {isa = PBXFileReference; fileEncoding = 4; lastKnownFileType = sourcecode.c.objc; path = AdultEmployee.m; sourceTree = "<group>"; };
		D7CC36071B46BA5B006EB035 /* HourlyRate.h */ = {isa = PBXFileReference; fileEncoding = 4; lastKnownFileType = sourcecode.c.h; path = HourlyRate.h; sourceTree = "<group>"; };
		D7CC36081B46BA5B006EB035 /* HourlyRate.m */ = {isa = PBXFileReference; fileEncoding = 4; lastKnownFileType = sourcecode.c.objc; path = HourlyRate.m; sourceTree = "<group>"; };
		D7CC360A1B46BB0C006EB035 /* JuniorHourlyRate.h */ = {isa = PBXFileReference; fileEncoding = 4; lastKnownFileType = sourcecode.c.h; path = JuniorHourlyRate.h; sourceTree = "<group>"; };
		D7CC360B1B46BB0C006EB035 /* JuniorHourlyRate.m */ = {isa = PBXFileReference; fileEncoding = 4; lastKnownFileType = sourcecode.c.objc; path = JuniorHourlyRate.m; sourceTree = "<group>"; };
		D7CC360D1B46BB72006EB035 /* AdultHourlyRate.h */ = {isa = PBXFileReference; fileEncoding = 4; lastKnownFileType = sourcecode.c.h; path = AdultHourlyRate.h; sourceTree = "<group>"; };
		D7CC360E1B46BB72006EB035 /* AdultHourlyRate.m */ = {isa = PBXFileReference; fileEncoding = 4; lastKnownFileType = sourcecode.c.objc; path = AdultHourlyRate.m; sourceTree = "<group>"; };
/* End PBXFileReference section */

/* Begin PBXFrameworksBuildPhase section */
		D7CC35F11B46B218006EB035 /* Frameworks */ = {
			isa = PBXFrameworksBuildPhase;
			buildActionMask = 2147483647;
			files = (
			);
			runOnlyForDeploymentPostprocessing = 0;
		};
/* End PBXFrameworksBuildPhase section */

/* Begin PBXGroup section */
		D7CC35EB1B46B217006EB035 = {
			isa = PBXGroup;
			children = (
				D7CC35F61B46B218006EB035 /* weekly_wage_calculator */,
				D7CC35F51B46B218006EB035 /* Products */,
			);
			sourceTree = "<group>";
		};
		D7CC35F51B46B218006EB035 /* Products */ = {
			isa = PBXGroup;
			children = (
				D7CC35F41B46B218006EB035 /* weekly_wage_calculator */,
			);
			name = Products;
			sourceTree = "<group>";
		};
		D7CC35F61B46B218006EB035 /* weekly_wage_calculator */ = {
			isa = PBXGroup;
			children = (
				D7CC35F71B46B218006EB035 /* main.m */,
				D7CC36041B46B764006EB035 /* AdultEmployee.h */,
				D7CC36051B46B764006EB035 /* AdultEmployee.m */,
				D7CC35FE1B46B2D7006EB035 /* Employee.h */,
				D7CC35FF1B46B2D7006EB035 /* Employee.m */,
				D7CC36011B46B491006EB035 /* JuniorEmployee.h */,
				D7CC36021B46B491006EB035 /* JuniorEmployee.m */,
				D7CC36071B46BA5B006EB035 /* HourlyRate.h */,
				D7CC36081B46BA5B006EB035 /* HourlyRate.m */,
				D7CC360A1B46BB0C006EB035 /* JuniorHourlyRate.h */,
				D7CC360B1B46BB0C006EB035 /* JuniorHourlyRate.m */,
				D7CC360D1B46BB72006EB035 /* AdultHourlyRate.h */,
				D7CC360E1B46BB72006EB035 /* AdultHourlyRate.m */,
			);
			path = weekly_wage_calculator;
			sourceTree = "<group>";
		};
/* End PBXGroup section */

/* Begin PBXNativeTarget section */
		D7CC35F31B46B218006EB035 /* weekly_wage_calculator */ = {
			isa = PBXNativeTarget;
			buildConfigurationList = D7CC35FB1B46B218006EB035 /* Build configuration list for PBXNativeTarget "weekly_wage_calculator" */;
			buildPhases = (
				D7CC35F01B46B218006EB035 /* Sources */,
				D7CC35F11B46B218006EB035 /* Frameworks */,
				D7CC35F21B46B218006EB035 /* CopyFiles */,
			);
			buildRules = (
			);
			dependencies = (
			);
			name = weekly_wage_calculator;
			productName = weekly_wage_calculator;
			productReference = D7CC35F41B46B218006EB035 /* weekly_wage_calculator */;
			productType = "com.apple.product-type.tool";
		};
/* End PBXNativeTarget section */

/* Begin PBXProject section */
		D7CC35EC1B46B218006EB035 /* Project object */ = {
			isa = PBXProject;
			attributes = {
				LastUpgradeCheck = 0630;
				ORGANIZATIONNAME = Techtransformers;
				TargetAttributes = {
					D7CC35F31B46B218006EB035 = {
						CreatedOnToolsVersion = 6.3.2;
					};
				};
			};
			buildConfigurationList = D7CC35EF1B46B218006EB035 /* Build configuration list for PBXProject "weekly_wage_calculator" */;
			compatibilityVersion = "Xcode 3.2";
			developmentRegion = English;
			hasScannedForEncodings = 0;
			knownRegions = (
				en,
			);
			mainGroup = D7CC35EB1B46B217006EB035;
			productRefGroup = D7CC35F51B46B218006EB035 /* Products */;
			projectDirPath = "";
			projectRoot = "";
			targets = (
				D7CC35F31B46B218006EB035 /* weekly_wage_calculator */,
			);
		};
/* End PBXProject section */

/* Begin PBXSourcesBuildPhase section */
		D7CC35F01B46B218006EB035 /* Sources */ = {
			isa = PBXSourcesBuildPhase;
			buildActionMask = 2147483647;
			files = (
				D7CC36061B46B764006EB035 /* AdultEmployee.m in Sources */,
				D7CC36031B46B491006EB035 /* JuniorEmployee.m in Sources */,
				D7CC35F81B46B218006EB035 /* main.m in Sources */,
				D7CC36091B46BA5B006EB035 /* HourlyRate.m in Sources */,
				D7CC360F1B46BB72006EB035 /* AdultHourlyRate.m in Sources */,
				D7CC36001B46B2D7006EB035 /* Employee.m in Sources */,
				D7CC360C1B46BB0C006EB035 /* JuniorHourlyRate.m in Sources */,
			);
			runOnlyForDeploymentPostprocessing = 0;
		};
/* End PBXSourcesBuildPhase section */

/* Begin XCBuildConfiguration section */
		D7CC35F91B46B218006EB035 /* Debug */ = {
			isa = XCBuildConfiguration;
			buildSettings = {
				ALWAYS_SEARCH_USER_PATHS = NO;
				CLANG_CXX_LANGUAGE_STANDARD = "gnu++0x";
				CLANG_CXX_LIBRARY = "libc++";
				CLANG_ENABLE_MODULES = YES;
				CLANG_ENABLE_OBJC_ARC = YES;
				CLANG_WARN_BOOL_CONVERSION = YES;
				CLANG_WARN_CONSTANT_CONVERSION = YES;
				CLANG_WARN_DIRECT_OBJC_ISA_USAGE = YES_ERROR;
				CLANG_WARN_EMPTY_BODY = YES;
				CLANG_WARN_ENUM_CONVERSION = YES;
				CLANG_WARN_INT_CONVERSION = YES;
				CLANG_WARN_OBJC_ROOT_CLASS = YES_ERROR;
				CLANG_WARN_UNREACHABLE_CODE = YES;
				CLANG_WARN__DUPLICATE_METHOD_MATCH = YES;
				COPY_PHASE_STRIP = NO;
				DEBUG_INFORMATION_FORMAT = dwarf;
				ENABLE_STRICT_OBJC_MSGSEND = YES;
				GCC_C_LANGUAGE_STANDARD = gnu99;
				GCC_DYNAMIC_NO_PIC = NO;
				GCC_NO_COMMON_BLOCKS = YES;
				GCC_OPTIMIZATION_LEVEL = 0;
				GCC_PREPROCESSOR_DEFINITIONS = (
					"DEBUG=1",
					"$(inherited)",
				);
				GCC_SYMBOLS_PRIVATE_EXTERN = NO;
				GCC_WARN_64_TO_32_BIT_CONVERSION = YES;
				GCC_WARN_ABOUT_RETURN_TYPE = YES_ERROR;
				GCC_WARN_UNDECLARED_SELECTOR = YES;
				GCC_WARN_UNINITIALIZED_AUTOS = YES_AGGRESSIVE;
				GCC_WARN_UNUSED_FUNCTION = YES;
				GCC_WARN_UNUSED_VARIABLE = YES;
				MACOSX_DEPLOYMENT_TARGET = 10.10;
				MTL_ENABLE_DEBUG_INFO = YES;
				ONLY_ACTIVE_ARCH = YES;
				SDKROOT = macosx;
			};
			name = Debug;
		};
		D7CC35FA1B46B218006EB035 /* Release */ = {
			isa = XCBuildConfiguration;
			buildSettings = {
				ALWAYS_SEARCH_USER_PATHS = NO;
				CLANG_CXX_LANGUAGE_STANDARD = "gnu++0x";
				CLANG_CXX_LIBRARY = "libc++";
				CLANG_ENABLE_MODULES = YES;
				CLANG_ENABLE_OBJC_ARC = YES;
				CLANG_WARN_BOOL_CONVERSION = YES;
				CLANG_WARN_CONSTANT_CONVERSION = YES;
				CLANG_WARN_DIRECT_OBJC_ISA_USAGE = YES_ERROR;
				CLANG_WARN_EMPTY_BODY = YES;
				CLANG_WARN_ENUM_CONVERSION = YES;
				CLANG_WARN_INT_CONVERSION = YES;
				CLANG_WARN_OBJC_ROOT_CLASS = YES_ERROR;
				CLANG_WARN_UNREACHABLE_CODE = YES;
				CLANG_WARN__DUPLICATE_METHOD_MATCH = YES;
				COPY_PHASE_STRIP = NO;
				DEBUG_INFORMATION_FORMAT = "dwarf-with-dsym";
				ENABLE_NS_ASSERTIONS = NO;
				ENABLE_STRICT_OBJC_MSGSEND = YES;
				GCC_C_LANGUAGE_STANDARD = gnu99;
				GCC_NO_COMMON_BLOCKS = YES;
				GCC_WARN_64_TO_32_BIT_CONVERSION = YES;
				GCC_WARN_ABOUT_RETURN_TYPE = YES_ERROR;
				GCC_WARN_UNDECLARED_SELECTOR = YES;
				GCC_WARN_UNINITIALIZED_AUTOS = YES_AGGRESSIVE;
				GCC_WARN_UNUSED_FUNCTION = YES;
				GCC_WARN_UNUSED_VARIABLE = YES;
				MACOSX_DEPLOYMENT_TARGET = 10.10;
				MTL_ENABLE_DEBUG_INFO = NO;
				SDKROOT = macosx;
			};
			name = Release;
		};
		D7CC35FC1B46B218006EB035 /* Debug */ = {
			isa = XCBuildConfiguration;
			buildSettings = {
				PRODUCT_NAME = "$(TARGET_NAME)";
			};
			name = Debug;
		};
		D7CC35FD1B46B218006EB035 /* Release */ = {
			isa = XCBuildConfiguration;
			buildSettings = {
				PRODUCT_NAME = "$(TARGET_NAME)";
			};
			name = Release;
		};
/* End XCBuildConfiguration section */

/* Begin XCConfigurationList section */
		D7CC35EF1B46B218006EB035 /* Build configuration list for PBXProject "weekly_wage_calculator" */ = {
			isa = XCConfigurationList;
			buildConfigurations = (
				D7CC35F91B46B218006EB035 /* Debug */,
				D7CC35FA1B46B218006EB035 /* Release */,
			);
			defaultConfigurationIsVisible = 0;
			defaultConfigurationName = Release;
		};
		D7CC35FB1B46B218006EB035 /* Build configuration list for PBXNativeTarget "weekly_wage_calculator" */ = {
			isa = XCConfigurationList;
			buildConfigurations = (
				D7CC35FC1B46B218006EB035 /* Debug */,
				D7CC35FD1B46B218006EB035 /* Release */,
			);
			defaultConfigurationIsVisible = 0;
		};
/* End XCConfigurationList section */
	};
	rootObject = D7CC35EC1B46B218006EB035 /* Project object */;
}
